
Microsoft Visual Studio Solution File, Format Version 11.00
# Visual Studio 2010
# SharpDevelop 4.2.1.8805
Project("{FD48973F-F585-4F70-812B-4D0503B36CE9}") = "Pg240Comm", "Pg240Comm.pyproj", "{4A0F724A-B974-4D18-9EEB-DB4170297B95}"
EndProject
Global
	GlobalSection(SolutionConfigurationPlatforms) = preSolution
		Debug|x86 = Debug|x86
		Release|x86 = Release|x86
	EndGlobalSection
	GlobalSection(ProjectConfigurationPlatforms) = postSolution
		{4A0F724A-B974-4D18-9EEB-DB4170297B95}.Debug|x86.Build.0 = Debug|x86
		{4A0F724A-B974-4D18-9EEB-DB4170297B95}.Debug|x86.ActiveCfg = Debug|x86
		{4A0F724A-B974-4D18-9EEB-DB4170297B95}.Release|x86.Build.0 = Release|x86
		{4A0F724A-B974-4D18-9EEB-DB4170297B95}.Release|x86.ActiveCfg = Release|x86
	EndGlobalSection
EndGlobal
