
Microsoft Visual Studio Solution File, Format Version 11.00
# Visual Studio 2010
# SharpDevelop 4.2.1.8805
Project("{FD48973F-F585-4F70-812B-4D0503B36CE9}") = "Prog162B", "Prog162B.pyproj", "{F0E8CDB9-F5C1-47A0-B558-B00C15542B48}"
EndProject
Global
	GlobalSection(SolutionConfigurationPlatforms) = preSolution
		Debug|x86 = Debug|x86
		Release|x86 = Release|x86
	EndGlobalSection
	GlobalSection(ProjectConfigurationPlatforms) = postSolution
		{F0E8CDB9-F5C1-47A0-B558-B00C15542B48}.Debug|x86.Build.0 = Debug|x86
		{F0E8CDB9-F5C1-47A0-B558-B00C15542B48}.Debug|x86.ActiveCfg = Debug|x86
		{F0E8CDB9-F5C1-47A0-B558-B00C15542B48}.Release|x86.Build.0 = Release|x86
		{F0E8CDB9-F5C1-47A0-B558-B00C15542B48}.Release|x86.ActiveCfg = Release|x86
	EndGlobalSection
EndGlobal
